
Microsoft Visual Studio Solution File, Format Version 12.00
# Visual Studio 15
VisualStudioVersion = 15.0.27428.2002
MinimumVisualStudioVersion = 10.0.40219.1
Project("{2150E333-8FDC-42A3-9474-1A3956D46DE8}") = "scripts", "scripts", "{8D367435-27EC-4270-A65F-135989E11D7F}"
	ProjectSection(SolutionItems) = preProject
		scripts\build.definition.yml = scripts\build.definition.yml
	EndProjectSection
EndProject
Project("{2150E333-8FDC-42A3-9474-1A3956D46DE8}") = "src", "src", "{09B34A06-A407-451C-8C5F-59E16DBC89BB}"
EndProject
Project("{2150E333-8FDC-42A3-9474-1A3956D46DE8}") = "tests", "tests", "{FAB670B9-6AD8-4FBB-A128-1D98153488B2}"
EndProject
Project("{2150E333-8FDC-42A3-9474-1A3956D46DE8}") = "1. API", "1. API", "{FB79E3BE-A8F8-46B5-990A-5EFC0BE5FB82}"
EndProject
Project("{2150E333-8FDC-42A3-9474-1A3956D46DE8}") = "2. Components", "2. Components", "{EF44CE22-16DD-4510-A2BB-D12C7734A76B}"
EndProject
Project("{2150E333-8FDC-42A3-9474-1A3956D46DE8}") = "3. Core", "3. Core", "{A05A9DAE-0BF8-4F77-B351-2C5302EE10CF}"
EndProject
Project("{2150E333-8FDC-42A3-9474-1A3956D46DE8}") = "4. Infra", "4. Infra", "{FDCA84FC-F5AD-4E1A-B567-CC402DC9697B}"
EndProject
Project("{2150E333-8FDC-42A3-9474-1A3956D46DE8}") = "4.1 Data", "4.1 Data", "{0EA7A766-C6EC-4559-8968-8BF269F6B757}"
EndProject
Project("{2150E333-8FDC-42A3-9474-1A3956D46DE8}") = "4.2 CrossCutting", "4.2 CrossCutting", "{429106DA-6B9B-4925-8202-9CADDBF8AC12}"
EndProject
Project("{9A19103F-16F7-4668-BE54-9A1E7A4F7556}") = "ProjectPS.ServicePS.API", "src\ProjectPS.ServicePS.API\ProjectPS.ServicePS.API.csproj", "{F2399747-7C25-4DBB-8168-2DFAB8B2681B}"
EndProject
Project("{2150E333-8FDC-42A3-9474-1A3956D46DE8}") = "5. Util", "5. Util", "{D63B84F9-A213-445D-B2E4-B6BC1B1512FE}"
EndProject
Project("{9A19103F-16F7-4668-BE54-9A1E7A4F7556}") = "ProjectPS.ServicePS.IntegrationTests", "tests\ProjectPS.ServicePS.IntegrationTests\ProjectPS.ServicePS.IntegrationTests.csproj", "{4D2F9142-5378-4E5F-BEA0-971D396CBCE2}"
EndProject
Project("{9A19103F-16F7-4668-BE54-9A1E7A4F7556}") = "ProjectPS.ServicePS.UnitTests", "tests\ProjectPS.ServicePS.UnitTests\ProjectPS.ServicePS.UnitTests.csproj", "{DA6EC552-212C-448C-B086-52E1BEF4021B}"
EndProject
Project("{9A19103F-16F7-4668-BE54-9A1E7A4F7556}") = "ProjectPS.ServicePS.Core", "src\ProjectPS.ServicePS.Core\ProjectPS.ServicePS.Core.csproj", "{0659119E-2E0A-4BDA-B8A0-E01AF2AA20DB}"
EndProject
Project("{9A19103F-16F7-4668-BE54-9A1E7A4F7556}") = "ProjectPS.ServicePS.IoC", "src\ProjectPS.ServicePS.IoC\ProjectPS.ServicePS.IoC.csproj", "{C3AA4806-4AB5-463D-8FC8-EC6214D56100}"
EndProject
Project("{9A19103F-16F7-4668-BE54-9A1E7A4F7556}") = "ProjectPS.ServicePS.Data.SQLite", "src\ProjectPS.ServicePS.Data.SQLite\ProjectPS.ServicePS.Data.SQLite.csproj", "{D7BB9B1B-9D3B-4F5A-97E8-D3A459DE3538}"
EndProject
Project("{9A19103F-16F7-4668-BE54-9A1E7A4F7556}") = "ProjectPS.ServicePS.Identity", "src\ProjectPS.ServicePS.Identity\ProjectPS.ServicePS.Identity.csproj", "{A153AC20-ADF5-4101-99CC-58D438888E18}"
EndProject
Project("{9A19103F-16F7-4668-BE54-9A1E7A4F7556}") = "ProjectPS.ServicePS.Options", "src\ProjectPS.ServicePS.Options\ProjectPS.ServicePS.Options.csproj", "{C5CF7CF4-BAD2-4F3D-939B-A834AD88DAA0}"
EndProject
Project("{9A19103F-16F7-4668-BE54-9A1E7A4F7556}") = "ProjectPS.ServicePS.Component", "src\ProjectPS.ServicePS.Component\ProjectPS.ServicePS.Component.csproj", "{E65E4851-0444-4D51-B434-1DF9278D106D}"
EndProject
Project("{9A19103F-16F7-4668-BE54-9A1E7A4F7556}") = "ProjectPS.ServicePS.ComponentTests", "tests\ProjectPS.ServicePS.ComponentTests\ProjectPS.ServicePS.ComponentTests.csproj", "{E2D1C8F1-A9F2-4809-AA27-CBF237916B4C}"
EndProject
Global
	GlobalSection(SolutionConfigurationPlatforms) = preSolution
		Debug|Any CPU = Debug|Any CPU
		Release|Any CPU = Release|Any CPU
	EndGlobalSection
	GlobalSection(ProjectConfigurationPlatforms) = postSolution
		{F2399747-7C25-4DBB-8168-2DFAB8B2681B}.Debug|Any CPU.ActiveCfg = Debug|Any CPU
		{F2399747-7C25-4DBB-8168-2DFAB8B2681B}.Debug|Any CPU.Build.0 = Debug|Any CPU
		{F2399747-7C25-4DBB-8168-2DFAB8B2681B}.Release|Any CPU.ActiveCfg = Release|Any CPU
		{F2399747-7C25-4DBB-8168-2DFAB8B2681B}.Release|Any CPU.Build.0 = Release|Any CPU
		{4D2F9142-5378-4E5F-BEA0-971D396CBCE2}.Debug|Any CPU.ActiveCfg = Debug|Any CPU
		{4D2F9142-5378-4E5F-BEA0-971D396CBCE2}.Debug|Any CPU.Build.0 = Debug|Any CPU
		{4D2F9142-5378-4E5F-BEA0-971D396CBCE2}.Release|Any CPU.ActiveCfg = Release|Any CPU
		{4D2F9142-5378-4E5F-BEA0-971D396CBCE2}.Release|Any CPU.Build.0 = Release|Any CPU
		{DA6EC552-212C-448C-B086-52E1BEF4021B}.Debug|Any CPU.ActiveCfg = Debug|Any CPU
		{DA6EC552-212C-448C-B086-52E1BEF4021B}.Debug|Any CPU.Build.0 = Debug|Any CPU
		{DA6EC552-212C-448C-B086-52E1BEF4021B}.Release|Any CPU.ActiveCfg = Release|Any CPU
		{DA6EC552-212C-448C-B086-52E1BEF4021B}.Release|Any CPU.Build.0 = Release|Any CPU
		{0659119E-2E0A-4BDA-B8A0-E01AF2AA20DB}.Debug|Any CPU.ActiveCfg = Debug|Any CPU
		{0659119E-2E0A-4BDA-B8A0-E01AF2AA20DB}.Debug|Any CPU.Build.0 = Debug|Any CPU
		{0659119E-2E0A-4BDA-B8A0-E01AF2AA20DB}.Release|Any CPU.ActiveCfg = Release|Any CPU
		{0659119E-2E0A-4BDA-B8A0-E01AF2AA20DB}.Release|Any CPU.Build.0 = Release|Any CPU
		{C3AA4806-4AB5-463D-8FC8-EC6214D56100}.Debug|Any CPU.ActiveCfg = Debug|Any CPU
		{C3AA4806-4AB5-463D-8FC8-EC6214D56100}.Debug|Any CPU.Build.0 = Debug|Any CPU
		{C3AA4806-4AB5-463D-8FC8-EC6214D56100}.Release|Any CPU.ActiveCfg = Release|Any CPU
		{C3AA4806-4AB5-463D-8FC8-EC6214D56100}.Release|Any CPU.Build.0 = Release|Any CPU
		{D7BB9B1B-9D3B-4F5A-97E8-D3A459DE3538}.Debug|Any CPU.ActiveCfg = Debug|Any CPU
		{D7BB9B1B-9D3B-4F5A-97E8-D3A459DE3538}.Debug|Any CPU.Build.0 = Debug|Any CPU
		{D7BB9B1B-9D3B-4F5A-97E8-D3A459DE3538}.Release|Any CPU.ActiveCfg = Release|Any CPU
		{D7BB9B1B-9D3B-4F5A-97E8-D3A459DE3538}.Release|Any CPU.Build.0 = Release|Any CPU
		{A153AC20-ADF5-4101-99CC-58D438888E18}.Debug|Any CPU.ActiveCfg = Debug|Any CPU
		{A153AC20-ADF5-4101-99CC-58D438888E18}.Debug|Any CPU.Build.0 = Debug|Any CPU
		{A153AC20-ADF5-4101-99CC-58D438888E18}.Release|Any CPU.ActiveCfg = Release|Any CPU
		{A153AC20-ADF5-4101-99CC-58D438888E18}.Release|Any CPU.Build.0 = Release|Any CPU
		{C5CF7CF4-BAD2-4F3D-939B-A834AD88DAA0}.Debug|Any CPU.ActiveCfg = Debug|Any CPU
		{C5CF7CF4-BAD2-4F3D-939B-A834AD88DAA0}.Debug|Any CPU.Build.0 = Debug|Any CPU
		{C5CF7CF4-BAD2-4F3D-939B-A834AD88DAA0}.Release|Any CPU.ActiveCfg = Release|Any CPU
		{C5CF7CF4-BAD2-4F3D-939B-A834AD88DAA0}.Release|Any CPU.Build.0 = Release|Any CPU
		{E65E4851-0444-4D51-B434-1DF9278D106D}.Debug|Any CPU.ActiveCfg = Debug|Any CPU
		{E65E4851-0444-4D51-B434-1DF9278D106D}.Debug|Any CPU.Build.0 = Debug|Any CPU
		{E65E4851-0444-4D51-B434-1DF9278D106D}.Release|Any CPU.ActiveCfg = Release|Any CPU
		{E65E4851-0444-4D51-B434-1DF9278D106D}.Release|Any CPU.Build.0 = Release|Any CPU
		{E2D1C8F1-A9F2-4809-AA27-CBF237916B4C}.Debug|Any CPU.ActiveCfg = Debug|Any CPU
		{E2D1C8F1-A9F2-4809-AA27-CBF237916B4C}.Debug|Any CPU.Build.0 = Debug|Any CPU
		{E2D1C8F1-A9F2-4809-AA27-CBF237916B4C}.Release|Any CPU.ActiveCfg = Release|Any CPU
		{E2D1C8F1-A9F2-4809-AA27-CBF237916B4C}.Release|Any CPU.Build.0 = Release|Any CPU
	EndGlobalSection
	GlobalSection(SolutionProperties) = preSolution
		HideSolutionNode = FALSE
	EndGlobalSection
	GlobalSection(NestedProjects) = preSolution
		{FB79E3BE-A8F8-46B5-990A-5EFC0BE5FB82} = {09B34A06-A407-451C-8C5F-59E16DBC89BB}
		{EF44CE22-16DD-4510-A2BB-D12C7734A76B} = {09B34A06-A407-451C-8C5F-59E16DBC89BB}
		{A05A9DAE-0BF8-4F77-B351-2C5302EE10CF} = {09B34A06-A407-451C-8C5F-59E16DBC89BB}
		{FDCA84FC-F5AD-4E1A-B567-CC402DC9697B} = {09B34A06-A407-451C-8C5F-59E16DBC89BB}
		{0EA7A766-C6EC-4559-8968-8BF269F6B757} = {FDCA84FC-F5AD-4E1A-B567-CC402DC9697B}
		{429106DA-6B9B-4925-8202-9CADDBF8AC12} = {FDCA84FC-F5AD-4E1A-B567-CC402DC9697B}
		{F2399747-7C25-4DBB-8168-2DFAB8B2681B} = {FB79E3BE-A8F8-46B5-990A-5EFC0BE5FB82}
		{D63B84F9-A213-445D-B2E4-B6BC1B1512FE} = {09B34A06-A407-451C-8C5F-59E16DBC89BB}
		{4D2F9142-5378-4E5F-BEA0-971D396CBCE2} = {FAB670B9-6AD8-4FBB-A128-1D98153488B2}
		{DA6EC552-212C-448C-B086-52E1BEF4021B} = {FAB670B9-6AD8-4FBB-A128-1D98153488B2}
		{0659119E-2E0A-4BDA-B8A0-E01AF2AA20DB} = {A05A9DAE-0BF8-4F77-B351-2C5302EE10CF}
		{C3AA4806-4AB5-463D-8FC8-EC6214D56100} = {429106DA-6B9B-4925-8202-9CADDBF8AC12}
		{D7BB9B1B-9D3B-4F5A-97E8-D3A459DE3538} = {0EA7A766-C6EC-4559-8968-8BF269F6B757}
		{A153AC20-ADF5-4101-99CC-58D438888E18} = {429106DA-6B9B-4925-8202-9CADDBF8AC12}
		{C5CF7CF4-BAD2-4F3D-939B-A834AD88DAA0} = {D63B84F9-A213-445D-B2E4-B6BC1B1512FE}
		{E65E4851-0444-4D51-B434-1DF9278D106D} = {EF44CE22-16DD-4510-A2BB-D12C7734A76B}
		{E2D1C8F1-A9F2-4809-AA27-CBF237916B4C} = {FAB670B9-6AD8-4FBB-A128-1D98153488B2}
	EndGlobalSection
	GlobalSection(ExtensibilityGlobals) = postSolution
		SolutionGuid = {BD993390-77A7-4442-9BA6-842A755ADD53}
	EndGlobalSection
EndGlobal
